
Microsoft Visual Studio Solution File, Format Version 12.00
# Visual Studio Version 17
VisualStudioVersion = 17.14.36623.8
MinimumVisualStudioVersion = 10.0.40219.1
Project("{00D1A9C2-B5F0-4AF3-8072-F6C62B433612}") = "NorthWindOLTP", "NorthWindOLTP.sqlproj", "{A5AEBBA9-FA44-42B5-98CD-1D956F585A00}"
EndProject
Project("{00D1A9C2-B5F0-4AF3-8072-F6C62B433612}") = "NorthWindDW", "NorthWindDW\NorthWindDW.sqlproj", "{90F6770E-F75D-4EBB-AF5C-0042DD198A7A}"
EndProject
Project("{C9674DCB-5085-4A16-B785-4C70DD1589BD}") = "NorthWindETL", "NorthWindETL\NorthWindETL.dtproj", "{91D90034-1FEB-B75F-4E8A-868CF33CCF81}"
EndProject
Global
	GlobalSection(SolutionConfigurationPlatforms) = preSolution
		Debug|Any CPU = Debug|Any CPU
		Development|Any CPU = Development|Any CPU
		Release|Any CPU = Release|Any CPU
	EndGlobalSection
	GlobalSection(ProjectConfigurationPlatforms) = postSolution
		{A5AEBBA9-FA44-42B5-98CD-1D956F585A00}.Debug|Any CPU.ActiveCfg = Debug|Any CPU
		{A5AEBBA9-FA44-42B5-98CD-1D956F585A00}.Debug|Any CPU.Build.0 = Debug|Any CPU
		{A5AEBBA9-FA44-42B5-98CD-1D956F585A00}.Debug|Any CPU.Deploy.0 = Debug|Any CPU
		{A5AEBBA9-FA44-42B5-98CD-1D956F585A00}.Development|Any CPU.ActiveCfg = Release|Any CPU
		{A5AEBBA9-FA44-42B5-98CD-1D956F585A00}.Development|Any CPU.Build.0 = Release|Any CPU
		{A5AEBBA9-FA44-42B5-98CD-1D956F585A00}.Development|Any CPU.Deploy.0 = Release|Any CPU
		{A5AEBBA9-FA44-42B5-98CD-1D956F585A00}.Release|Any CPU.ActiveCfg = Release|Any CPU
		{A5AEBBA9-FA44-42B5-98CD-1D956F585A00}.Release|Any CPU.Build.0 = Release|Any CPU
		{A5AEBBA9-FA44-42B5-98CD-1D956F585A00}.Release|Any CPU.Deploy.0 = Release|Any CPU
		{90F6770E-F75D-4EBB-AF5C-0042DD198A7A}.Debug|Any CPU.ActiveCfg = Debug|Any CPU
		{90F6770E-F75D-4EBB-AF5C-0042DD198A7A}.Debug|Any CPU.Build.0 = Debug|Any CPU
		{90F6770E-F75D-4EBB-AF5C-0042DD198A7A}.Debug|Any CPU.Deploy.0 = Debug|Any CPU
		{90F6770E-F75D-4EBB-AF5C-0042DD198A7A}.Development|Any CPU.ActiveCfg = Release|Any CPU
		{90F6770E-F75D-4EBB-AF5C-0042DD198A7A}.Development|Any CPU.Build.0 = Release|Any CPU
		{90F6770E-F75D-4EBB-AF5C-0042DD198A7A}.Development|Any CPU.Deploy.0 = Release|Any CPU
		{90F6770E-F75D-4EBB-AF5C-0042DD198A7A}.Release|Any CPU.ActiveCfg = Release|Any CPU
		{90F6770E-F75D-4EBB-AF5C-0042DD198A7A}.Release|Any CPU.Build.0 = Release|Any CPU
		{90F6770E-F75D-4EBB-AF5C-0042DD198A7A}.Release|Any CPU.Deploy.0 = Release|Any CPU
		{91D90034-1FEB-B75F-4E8A-868CF33CCF81}.Debug|Any CPU.ActiveCfg = Development
		{91D90034-1FEB-B75F-4E8A-868CF33CCF81}.Debug|Any CPU.Build.0 = Development
		{91D90034-1FEB-B75F-4E8A-868CF33CCF81}.Development|Any CPU.ActiveCfg = Development
		{91D90034-1FEB-B75F-4E8A-868CF33CCF81}.Development|Any CPU.Build.0 = Development
		{91D90034-1FEB-B75F-4E8A-868CF33CCF81}.Release|Any CPU.ActiveCfg = Development
		{91D90034-1FEB-B75F-4E8A-868CF33CCF81}.Release|Any CPU.Build.0 = Development
	EndGlobalSection
	GlobalSection(SolutionProperties) = preSolution
		HideSolutionNode = FALSE
	EndGlobalSection
	GlobalSection(ExtensibilityGlobals) = postSolution
		SolutionGuid = {D44E7FE4-0973-4ACD-912A-2EFB3C2BC1CA}
	EndGlobalSection
EndGlobal
